
Microsoft Visual Studio Solution File, Format Version 12.00
# Visual Studio Version 17
VisualStudioVersion = 17.12.35527.113
MinimumVisualStudioVersion = 10.0.40219.1
Project("{FAE04EC0-301F-11D3-BF4B-00C04F79EFBC}") = "EventManagementSystem", "EventManagementSystem\EventManagementSystem.csproj", "{B562EE63-271D-4471-9B9B-91DE8E4F420D}"
EndProject
Project("{FAE04EC0-301F-11D3-BF4B-00C04F79EFBC}") = "EventManagementSystem.Domain", "EventManagementSystem.Domain\EventManagementSystem.Domain.csproj", "{6007EA7B-0506-4CA6-B7B8-2045D920D662}"
EndProject
Project("{FAE04EC0-301F-11D3-BF4B-00C04F79EFBC}") = "EventManagementSystem.Database", "EventManagementSystem.Database\EventManagementSystem.Database.csproj", "{745155DF-849F-4AB1-BC7F-ACECD2EA32EB}"
EndProject
Project("{2150E333-8FDC-42A3-9474-1A3956D46DE8}") = "Solution Items", "Solution Items", "{76BE19D6-61D2-4DA3-9056-1788E7DCE526}"
	ProjectSection(SolutionItems) = preProject
		README.md = README.md
	EndProjectSection
EndProject
Global
	GlobalSection(SolutionConfigurationPlatforms) = preSolution
		Debug|Any CPU = Debug|Any CPU
		Release|Any CPU = Release|Any CPU
	EndGlobalSection
	GlobalSection(ProjectConfigurationPlatforms) = postSolution
		{B562EE63-271D-4471-9B9B-91DE8E4F420D}.Debug|Any CPU.ActiveCfg = Debug|Any CPU
		{B562EE63-271D-4471-9B9B-91DE8E4F420D}.Debug|Any CPU.Build.0 = Debug|Any CPU
		{B562EE63-271D-4471-9B9B-91DE8E4F420D}.Release|Any CPU.ActiveCfg = Release|Any CPU
		{B562EE63-271D-4471-9B9B-91DE8E4F420D}.Release|Any CPU.Build.0 = Release|Any CPU
		{6007EA7B-0506-4CA6-B7B8-2045D920D662}.Debug|Any CPU.ActiveCfg = Debug|Any CPU
		{6007EA7B-0506-4CA6-B7B8-2045D920D662}.Debug|Any CPU.Build.0 = Debug|Any CPU
		{6007EA7B-0506-4CA6-B7B8-2045D920D662}.Release|Any CPU.ActiveCfg = Release|Any CPU
		{6007EA7B-0506-4CA6-B7B8-2045D920D662}.Release|Any CPU.Build.0 = Release|Any CPU
		{745155DF-849F-4AB1-BC7F-ACECD2EA32EB}.Debug|Any CPU.ActiveCfg = Debug|Any CPU
		{745155DF-849F-4AB1-BC7F-ACECD2EA32EB}.Debug|Any CPU.Build.0 = Debug|Any CPU
		{745155DF-849F-4AB1-BC7F-ACECD2EA32EB}.Release|Any CPU.ActiveCfg = Release|Any CPU
		{745155DF-849F-4AB1-BC7F-ACECD2EA32EB}.Release|Any CPU.Build.0 = Release|Any CPU
	EndGlobalSection
	GlobalSection(SolutionProperties) = preSolution
		HideSolutionNode = FALSE
	EndGlobalSection
EndGlobal
